
Microsoft Visual Studio Solution File, Format Version 12.00
# Visual Studio Version 17
VisualStudioVersion = 17.3.32929.385
MinimumVisualStudioVersion = 10.0.40219.1
Project("{2150E333-8FDC-42A3-9474-1A3956D46DE8}") = "src", "src", "{7366F508-1DDD-46DB-82C0-978C5F0D1F92}"
EndProject
Project("{9A19103F-16F7-4668-BE54-9A1E7A4F7556}") = "Bonfire.Hosting", "src\Bonfire.Hosting\Bonfire.Hosting.csproj", "{A2E57A4A-0CB9-4568-8A0D-B8D78CE2ACD9}"
EndProject
Project("{9A19103F-16F7-4668-BE54-9A1E7A4F7556}") = "Bonfire.Hosting.ServiceProcess", "src\Bonfire.Hosting.ServiceProcess\Bonfire.Hosting.ServiceProcess.csproj", "{65DA2F92-12AF-4B9A-8A50-05209EB1DBF8}"
EndProject
Project("{2150E333-8FDC-42A3-9474-1A3956D46DE8}") = "samples", "samples", "{22AEC9E8-5D07-48C2-AEA3-B503411E8BF4}"
EndProject
Project("{9A19103F-16F7-4668-BE54-9A1E7A4F7556}") = "ConsoleExample", "samples\ConsoleExample\ConsoleExample.csproj", "{E9EF5B45-BB45-4FE8-9CA1-705F76F685F4}"
EndProject
Global
	GlobalSection(SolutionConfigurationPlatforms) = preSolution
		Debug|Any CPU = Debug|Any CPU
		Release|Any CPU = Release|Any CPU
	EndGlobalSection
	GlobalSection(ProjectConfigurationPlatforms) = postSolution
		{A2E57A4A-0CB9-4568-8A0D-B8D78CE2ACD9}.Debug|Any CPU.ActiveCfg = Debug|Any CPU
		{A2E57A4A-0CB9-4568-8A0D-B8D78CE2ACD9}.Debug|Any CPU.Build.0 = Debug|Any CPU
		{A2E57A4A-0CB9-4568-8A0D-B8D78CE2ACD9}.Release|Any CPU.ActiveCfg = Release|Any CPU
		{A2E57A4A-0CB9-4568-8A0D-B8D78CE2ACD9}.Release|Any CPU.Build.0 = Release|Any CPU
		{65DA2F92-12AF-4B9A-8A50-05209EB1DBF8}.Debug|Any CPU.ActiveCfg = Debug|Any CPU
		{65DA2F92-12AF-4B9A-8A50-05209EB1DBF8}.Debug|Any CPU.Build.0 = Debug|Any CPU
		{65DA2F92-12AF-4B9A-8A50-05209EB1DBF8}.Release|Any CPU.ActiveCfg = Release|Any CPU
		{65DA2F92-12AF-4B9A-8A50-05209EB1DBF8}.Release|Any CPU.Build.0 = Release|Any CPU
		{E9EF5B45-BB45-4FE8-9CA1-705F76F685F4}.Debug|Any CPU.ActiveCfg = Debug|Any CPU
		{E9EF5B45-BB45-4FE8-9CA1-705F76F685F4}.Debug|Any CPU.Build.0 = Debug|Any CPU
		{E9EF5B45-BB45-4FE8-9CA1-705F76F685F4}.Release|Any CPU.ActiveCfg = Release|Any CPU
		{E9EF5B45-BB45-4FE8-9CA1-705F76F685F4}.Release|Any CPU.Build.0 = Release|Any CPU
	EndGlobalSection
	GlobalSection(SolutionProperties) = preSolution
		HideSolutionNode = FALSE
	EndGlobalSection
	GlobalSection(NestedProjects) = preSolution
		{A2E57A4A-0CB9-4568-8A0D-B8D78CE2ACD9} = {7366F508-1DDD-46DB-82C0-978C5F0D1F92}
		{65DA2F92-12AF-4B9A-8A50-05209EB1DBF8} = {7366F508-1DDD-46DB-82C0-978C5F0D1F92}
		{E9EF5B45-BB45-4FE8-9CA1-705F76F685F4} = {22AEC9E8-5D07-48C2-AEA3-B503411E8BF4}
	EndGlobalSection
	GlobalSection(ExtensibilityGlobals) = postSolution
		SolutionGuid = {98BD2AB3-7CF7-4E57-A9C7-B8E50657904F}
	EndGlobalSection
EndGlobal
